// !$*UTF8*$!
{
	archiveVersion = 1;
	classes = {
	};
	objectVersion = 46;
	objects = {

/* Begin PBXBuildFile section */
		2B14379A1CFD0633005B174A /* AppDelegate.swift in Sources */ = {isa = PBXBuildFile; fileRef = 2B1437991CFD0633005B174A /* AppDelegate.swift */; };
		2B14379C1CFD0633005B174A /* ViewController.swift in Sources */ = {isa = PBXBuildFile; fileRef = 2B14379B1CFD0633005B174A /* ViewController.swift */; };
		2B14379F1CFD0633005B174A /* Main.storyboard in Resources */ = {isa = PBXBuildFile; fileRef = 2B14379D1CFD0633005B174A /* Main.storyboard */; };
		2B1437A11CFD0633005B174A /* Assets.xcassets in Resources */ = {isa = PBXBuildFile; fileRef = 2B1437A01CFD0633005B174A /* Assets.xcassets */; };
		2B1437A41CFD0633005B174A /* LaunchScreen.storyboard in Resources */ = {isa = PBXBuildFile; fileRef = 2B1437A21CFD0633005B174A /* LaunchScreen.storyboard */; };
		2B1437AF1CFD0633005B174A /* HyperSetTests.swift in Sources */ = {isa = PBXBuildFile; fileRef = 2B1437AE1CFD0633005B174A /* HyperSetTests.swift */; };
/* End PBXBuildFile section */

/* Begin PBXContainerItemProxy section */
		2B1437AB1CFD0633005B174A /* PBXContainerItemProxy */ = {
			isa = PBXContainerItemProxy;
			containerPortal = 2B14378E1CFD0633005B174A /* Project object */;
			proxyType = 1;
			remoteGlobalIDString = 2B1437951CFD0633005B174A;
			remoteInfo = HyperSet;
		};
/* End PBXContainerItemProxy section */

/* Begin PBXFileReference section */
		2B1437961CFD0633005B174A /* HyperSet.app */ = {isa = PBXFileReference; explicitFileType = wrapper.application; includeInIndex = 0; path = HyperSet.app; sourceTree = BUILT_PRODUCTS_DIR; };
		2B1437991CFD0633005B174A /* AppDelegate.swift */ = {isa = PBXFileReference; lastKnownFileType = sourcecode.swift; path = AppDelegate.swift; sourceTree = "<group>"; };
		2B14379B1CFD0633005B174A /* ViewController.swift */ = {isa = PBXFileReference; lastKnownFileType = sourcecode.swift; path = ViewController.swift; sourceTree = "<group>"; };
		2B14379E1CFD0633005B174A /* Base */ = {isa = PBXFileReference; lastKnownFileType = file.storyboard; name = Base; path = Base.lproj/Main.storyboard; sourceTree = "<group>"; };
		2B1437A01CFD0633005B174A /* Assets.xcassets */ = {isa = PBXFileReference; lastKnownFileType = folder.assetcatalog; path = Assets.xcassets; sourceTree = "<group>"; };
		2B1437A31CFD0633005B174A /* Base */ = {isa = PBXFileReference; lastKnownFileType = file.storyboard; name = Base; path = Base.lproj/LaunchScreen.storyboard; sourceTree = "<group>"; };
		2B1437A51CFD0633005B174A /* Info.plist */ = {isa = PBXFileReference; lastKnownFileType = text.plist.xml; path = Info.plist; sourceTree = "<group>"; };
		2B1437AA1CFD0633005B174A /* HyperSetTests.xctest */ = {isa = PBXFileReference; explicitFileType = wrapper.cfbundle; includeInIndex = 0; path = HyperSetTests.xctest; sourceTree = BUILT_PRODUCTS_DIR; };
		2B1437AE1CFD0633005B174A /* HyperSetTests.swift */ = {isa = PBXFileReference; lastKnownFileType = sourcecode.swift; path = HyperSetTests.swift; sourceTree = "<group>"; };
		2B1437B01CFD0633005B174A /* Info.plist */ = {isa = PBXFileReference; lastKnownFileType = text.plist.xml; path = Info.plist; sourceTree = "<group>"; };
/* End PBXFileReference section */

/* Begin PBXFrameworksBuildPhase section */
		2B1437931CFD0633005B174A /* Frameworks */ = {
			isa = PBXFrameworksBuildPhase;
			buildActionMask = 2147483647;
			files = (
			);
			runOnlyForDeploymentPostprocessing = 0;
		};
		2B1437A71CFD0633005B174A /* Frameworks */ = {
			isa = PBXFrameworksBuildPhase;
			buildActionMask = 2147483647;
			files = (
			);
			runOnlyForDeploymentPostprocessing = 0;
		};
/* End PBXFrameworksBuildPhase section */

/* Begin PBXGroup section */
		2B14378D1CFD0633005B174A = {
			isa = PBXGroup;
			children = (
				2B1437981CFD0633005B174A /* HyperSet */,
				2B1437AD1CFD0633005B174A /* HyperSetTests */,
				2B1437971CFD0633005B174A /* Products */,
			);
			sourceTree = "<group>";
		};
		2B1437971CFD0633005B174A /* Products */ = {
			isa = PBXGroup;
			children = (
				2B1437961CFD0633005B174A /* HyperSet.app */,
				2B1437AA1CFD0633005B174A /* HyperSetTests.xctest */,
			);
			name = Products;
			sourceTree = "<group>";
		};
		2B1437981CFD0633005B174A /* HyperSet */ = {
			isa = PBXGroup;
			children = (
				2B1437991CFD0633005B174A /* AppDelegate.swift */,
				2B14379B1CFD0633005B174A /* ViewController.swift */,
				2B14379D1CFD0633005B174A /* Main.storyboard */,
				2B1437A01CFD0633005B174A /* Assets.xcassets */,
				2B1437A21CFD0633005B174A /* LaunchScreen.storyboard */,
				2B1437A51CFD0633005B174A /* Info.plist */,
			);
			path = HyperSet;
			sourceTree = "<group>";
		};
		2B1437AD1CFD0633005B174A /* HyperSetTests */ = {
			isa = PBXGroup;
			children = (
				2B1437AE1CFD0633005B174A /* HyperSetTests.swift */,
				2B1437B01CFD0633005B174A /* Info.plist */,
			);
			path = HyperSetTests;
			sourceTree = "<group>";
		};
/* End PBXGroup section */

/* Begin PBXNativeTarget section */
		2B1437951CFD0633005B174A /* HyperSet */ = {
			isa = PBXNativeTarget;
			buildConfigurationList = 2B1437B31CFD0633005B174A /* Build configuration list for PBXNativeTarget "HyperSet" */;
			buildPhases = (
				2B1437921CFD0633005B174A /* Sources */,
				2B1437931CFD0633005B174A /* Frameworks */,
				2B1437941CFD0633005B174A /* Resources */,
			);
			buildRules = (
			);
			dependencies = (
			);
			name = HyperSet;
			productName = HyperSet;
			productReference = 2B1437961CFD0633005B174A /* HyperSet.app */;
			productType = "com.apple.product-type.application";
		};
		2B1437A91CFD0633005B174A /* HyperSetTests */ = {
			isa = PBXNativeTarget;
			buildConfigurationList = 2B1437B61CFD0633005B174A /* Build configuration list for PBXNativeTarget "HyperSetTests" */;
			buildPhases = (
				2B1437A61CFD0633005B174A /* Sources */,
				2B1437A71CFD0633005B174A /* Frameworks */,
				2B1437A81CFD0633005B174A /* Resources */,
			);
			buildRules = (
			);
			dependencies = (
				2B1437AC1CFD0633005B174A /* PBXTargetDependency */,
			);
			name = HyperSetTests;
			productName = HyperSetTests;
			productReference = 2B1437AA1CFD0633005B174A /* HyperSetTests.xctest */;
			productType = "com.apple.product-type.bundle.unit-test";
		};
/* End PBXNativeTarget section */

/* Begin PBXProject section */
		2B14378E1CFD0633005B174A /* Project object */ = {
			isa = PBXProject;
			attributes = {
				LastSwiftUpdateCheck = 0730;
				LastUpgradeCheck = 0730;
				ORGANIZATIONNAME = "Paul Holser";
				TargetAttributes = {
					2B1437951CFD0633005B174A = {
						CreatedOnToolsVersion = 7.3;
					};
					2B1437A91CFD0633005B174A = {
						CreatedOnToolsVersion = 7.3;
						TestTargetID = 2B1437951CFD0633005B174A;
					};
				};
			};
			buildConfigurationList = 2B1437911CFD0633005B174A /* Build configuration list for PBXProject "HyperSet" */;
			compatibilityVersion = "Xcode 3.2";
			developmentRegion = English;
			hasScannedForEncodings = 0;
			knownRegions = (
				en,
				Base,
			);
			mainGroup = 2B14378D1CFD0633005B174A;
			productRefGroup = 2B1437971CFD0633005B174A /* Products */;
			projectDirPath = "";
			projectRoot = "";
			targets = (
				2B1437951CFD0633005B174A /* HyperSet */,
				2B1437A91CFD0633005B174A /* HyperSetTests */,
			);
		};
/* End PBXProject section */

/* Begin PBXResourcesBuildPhase section */
		2B1437941CFD0633005B174A /* Resources */ = {
			isa = PBXResourcesBuildPhase;
			buildActionMask = 2147483647;
			files = (
				2B1437A41CFD0633005B174A /* LaunchScreen.storyboard in Resources */,
				2B1437A11CFD0633005B174A /* Assets.xcassets in Resources */,
				2B14379F1CFD0633005B174A /* Main.storyboard in Resources */,
			);
			runOnlyForDeploymentPostprocessing = 0;
		};
		2B1437A81CFD0633005B174A /* Resources */ = {
			isa = PBXResourcesBuildPhase;
			buildActionMask = 2147483647;
			files = (
			);
			runOnlyForDeploymentPostprocessing = 0;
		};
/* End PBXResourcesBuildPhase section */

/* Begin PBXSourcesBuildPhase section */
		2B1437921CFD0633005B174A /* Sources */ = {
			isa = PBXSourcesBuildPhase;
			buildActionMask = 2147483647;
			files = (
				2B14379C1CFD0633005B174A /* ViewController.swift in Sources */,
				2B14379A1CFD0633005B174A /* AppDelegate.swift in Sources */,
			);
			runOnlyForDeploymentPostprocessing = 0;
		};
		2B1437A61CFD0633005B174A /* Sources */ = {
			isa = PBXSourcesBuildPhase;
			buildActionMask = 2147483647;
			files = (
				2B1437AF1CFD0633005B174A /* HyperSetTests.swift in Sources */,
			);
			runOnlyForDeploymentPostprocessing = 0;
		};
/* End PBXSourcesBuildPhase section */

/* Begin PBXTargetDependency section */
		2B1437AC1CFD0633005B174A /* PBXTargetDependency */ = {
			isa = PBXTargetDependency;
			target = 2B1437951CFD0633005B174A /* HyperSet */;
			targetProxy = 2B1437AB1CFD0633005B174A /* PBXContainerItemProxy */;
		};
/* End PBXTargetDependency section */

/* Begin PBXVariantGroup section */
		2B14379D1CFD0633005B174A /* Main.storyboard */ = {
			isa = PBXVariantGroup;
			children = (
				2B14379E1CFD0633005B174A /* Base */,
			);
			name = Main.storyboard;
			sourceTree = "<group>";
		};
		2B1437A21CFD0633005B174A /* LaunchScreen.storyboard */ = {
			isa = PBXVariantGroup;
			children = (
				2B1437A31CFD0633005B174A /* Base */,
			);
			name = LaunchScreen.storyboard;
			sourceTree = "<group>";
		};
/* End PBXVariantGroup section */

/* Begin XCBuildConfiguration section */
		2B1437B11CFD0633005B174A /* Debug */ = {
			isa = XCBuildConfiguration;
			buildSettings = {
				ALWAYS_SEARCH_USER_PATHS = NO;
				CLANG_ANALYZER_NONNULL = YES;
				CLANG_CXX_LANGUAGE_STANDARD = "gnu++0x";
				CLANG_CXX_LIBRARY = "libc++";
				CLANG_ENABLE_MODULES = YES;
				CLANG_ENABLE_OBJC_ARC = YES;
				CLANG_WARN_BOOL_CONVERSION = YES;
				CLANG_WARN_CONSTANT_CONVERSION = YES;
				CLANG_WARN_DIRECT_OBJC_ISA_USAGE = YES_ERROR;
				CLANG_WARN_EMPTY_BODY = YES;
				CLANG_WARN_ENUM_CONVERSION = YES;
				CLANG_WARN_INT_CONVERSION = YES;
				CLANG_WARN_OBJC_ROOT_CLASS = YES_ERROR;
				CLANG_WARN_UNREACHABLE_CODE = YES;
				CLANG_WARN__DUPLICATE_METHOD_MATCH = YES;
				"CODE_SIGN_IDENTITY[sdk=iphoneos*]" = "iPhone Developer";
				COPY_PHASE_STRIP = NO;
				DEBUG_INFORMATION_FORMAT = dwarf;
				ENABLE_STRICT_OBJC_MSGSEND = YES;
				ENABLE_TESTABILITY = YES;
				GCC_C_LANGUAGE_STANDARD = gnu99;
				GCC_DYNAMIC_NO_PIC = NO;
				GCC_NO_COMMON_BLOCKS = YES;
				GCC_OPTIMIZATION_LEVEL = 0;
				GCC_PREPROCESSOR_DEFINITIONS = (
					"DEBUG=1",
					"$(inherited)",
				);
				GCC_WARN_64_TO_32_BIT_CONVERSION = YES;
				GCC_WARN_ABOUT_RETURN_TYPE = YES_ERROR;
				GCC_WARN_UNDECLARED_SELECTOR = YES;
				GCC_WARN_UNINITIALIZED_AUTOS = YES_AGGRESSIVE;
				GCC_WARN_UNUSED_FUNCTION = YES;
				GCC_WARN_UNUSED_VARIABLE = YES;
				IPHONEOS_DEPLOYMENT_TARGET = 9.3;
				MTL_ENABLE_DEBUG_INFO = YES;
				ONLY_ACTIVE_ARCH = YES;
				SDKROOT = iphoneos;
				SWIFT_OPTIMIZATION_LEVEL = "-Onone";
				TARGETED_DEVICE_FAMILY = "1,2";
			};
			name = Debug;
		};
		2B1437B21CFD0633005B174A /* Release */ = {
			isa = XCBuildConfiguration;
			buildSettings = {
				ALWAYS_SEARCH_USER_PATHS = NO;
				CLANG_ANALYZER_NONNULL = YES;
				CLANG_CXX_LANGUAGE_STANDARD = "gnu++0x";
				CLANG_CXX_LIBRARY = "libc++";
				CLANG_ENABLE_MODULES = YES;
				CLANG_ENABLE_OBJC_ARC = YES;
				CLANG_WARN_BOOL_CONVERSION = YES;
				CLANG_WARN_CONSTANT_CONVERSION = YES;
				CLANG_WARN_DIRECT_OBJC_ISA_USAGE = YES_ERROR;
				CLANG_WARN_EMPTY_BODY = YES;
				CLANG_WARN_ENUM_CONVERSION = YES;
				CLANG_WARN_INT_CONVERSION = YES;
				CLANG_WARN_OBJC_ROOT_CLASS = YES_ERROR;
				CLANG_WARN_UNREACHABLE_CODE = YES;
				CLANG_WARN__DUPLICATE_METHOD_MATCH = YES;
				"CODE_SIGN_IDENTITY[sdk=iphoneos*]" = "iPhone Developer";
				COPY_PHASE_STRIP = NO;
				DEBUG_INFORMATION_FORMAT = "dwarf-with-dsym";
				ENABLE_NS_ASSERTIONS = NO;
				ENABLE_STRICT_OBJC_MSGSEND = YES;
				GCC_C_LANGUAGE_STANDARD = gnu99;
				GCC_NO_COMMON_BLOCKS = YES;
				GCC_WARN_64_TO_32_BIT_CONVERSION = YES;
				GCC_WARN_ABOUT_RETURN_TYPE = YES_ERROR;
				GCC_WARN_UNDECLARED_SELECTOR = YES;
				GCC_WARN_UNINITIALIZED_AUTOS = YES_AGGRESSIVE;
				GCC_WARN_UNUSED_FUNCTION = YES;
				GCC_WARN_UNUSED_VARIABLE = YES;
				IPHONEOS_DEPLOYMENT_TARGET = 9.3;
				MTL_ENABLE_DEBUG_INFO = NO;
				SDKROOT = iphoneos;
				TARGETED_DEVICE_FAMILY = "1,2";
				VALIDATE_PRODUCT = YES;
			};
			name = Release;
		};
		2B1437B41CFD0633005B174A /* Debug */ = {
			isa = XCBuildConfiguration;
			buildSettings = {
				ASSETCATALOG_COMPILER_APPICON_NAME = AppIcon;
				INFOPLIST_FILE = HyperSet/Info.plist;
				LD_RUNPATH_SEARCH_PATHS = "$(inherited) @executable_path/Frameworks";
				PRODUCT_BUNDLE_IDENTIFIER = com.pholser.HyperSet;
				PRODUCT_NAME = "$(TARGET_NAME)";
			};
			name = Debug;
		};
		2B1437B51CFD0633005B174A /* Release */ = {
			isa = XCBuildConfiguration;
			buildSettings = {
				ASSETCATALOG_COMPILER_APPICON_NAME = AppIcon;
				INFOPLIST_FILE = HyperSet/Info.plist;
				LD_RUNPATH_SEARCH_PATHS = "$(inherited) @executable_path/Frameworks";
				PRODUCT_BUNDLE_IDENTIFIER = com.pholser.HyperSet;
				PRODUCT_NAME = "$(TARGET_NAME)";
			};
			name = Release;
		};
		2B1437B71CFD0633005B174A /* Debug */ = {
			isa = XCBuildConfiguration;
			buildSettings = {
				BUNDLE_LOADER = "$(TEST_HOST)";
				INFOPLIST_FILE = HyperSetTests/Info.plist;
				LD_RUNPATH_SEARCH_PATHS = "$(inherited) @executable_path/Frameworks @loader_path/Frameworks";
				PRODUCT_BUNDLE_IDENTIFIER = com.pholser.HyperSetTests;
				PRODUCT_NAME = "$(TARGET_NAME)";
				TEST_HOST = "$(BUILT_PRODUCTS_DIR)/HyperSet.app/HyperSet";
			};
			name = Debug;
		};
		2B1437B81CFD0633005B174A /* Release */ = {
			isa = XCBuildConfiguration;
			buildSettings = {
				BUNDLE_LOADER = "$(TEST_HOST)";
				INFOPLIST_FILE = HyperSetTests/Info.plist;
				LD_RUNPATH_SEARCH_PATHS = "$(inherited) @executable_path/Frameworks @loader_path/Frameworks";
				PRODUCT_BUNDLE_IDENTIFIER = com.pholser.HyperSetTests;
				PRODUCT_NAME = "$(TARGET_NAME)";
				TEST_HOST = "$(BUILT_PRODUCTS_DIR)/HyperSet.app/HyperSet";
			};
			name = Release;
		};
/* End XCBuildConfiguration section */

/* Begin XCConfigurationList section */
		2B1437911CFD0633005B174A /* Build configuration list for PBXProject "HyperSet" */ = {
			isa = XCConfigurationList;
			buildConfigurations = (
				2B1437B11CFD0633005B174A /* Debug */,
				2B1437B21CFD0633005B174A /* Release */,
			);
			defaultConfigurationIsVisible = 0;
			defaultConfigurationName = Release;
		};
		2B1437B31CFD0633005B174A /* Build configuration list for PBXNativeTarget "HyperSet" */ = {
			isa = XCConfigurationList;
			buildConfigurations = (
				2B1437B41CFD0633005B174A /* Debug */,
				2B1437B51CFD0633005B174A /* Release */,
			);
			defaultConfigurationIsVisible = 0;
		};
		2B1437B61CFD0633005B174A /* Build configuration list for PBXNativeTarget "HyperSetTests" */ = {
			isa = XCConfigurationList;
			buildConfigurations = (
				2B1437B71CFD0633005B174A /* Debug */,
				2B1437B81CFD0633005B174A /* Release */,
			);
			defaultConfigurationIsVisible = 0;
		};
/* End XCConfigurationList section */
	};
	rootObject = 2B14378E1CFD0633005B174A /* Project object */;
}
